
Microsoft Visual Studio Solution File, Format Version 12.00
# Visual Studio 15
VisualStudioVersion = 15.0.28307.421
MinimumVisualStudioVersion = 10.0.40219.1
Project("{9A19103F-16F7-4668-BE54-9A1E7A4F7556}") = "Swift.Database.xUnitTest", "Swift.Database.xUnitTest\Swift.Database.xUnitTest.csproj", "{C83C44FC-9160-4FAE-9C16-69069822E035}"
EndProject
Project("{FAE04EC0-301F-11D3-BF4B-00C04F79EFBC}") = "Swift.Database", "Swift.Database\Swift.Database.csproj", "{BF7E371F-9982-4FA6-B937-F442CB2D7AAF}"
EndProject
Global
	GlobalSection(SolutionConfigurationPlatforms) = preSolution
		Debug|Any CPU = Debug|Any CPU
		Release|Any CPU = Release|Any CPU
	EndGlobalSection
	GlobalSection(ProjectConfigurationPlatforms) = postSolution
		{C83C44FC-9160-4FAE-9C16-69069822E035}.Debug|Any CPU.ActiveCfg = Debug|Any CPU
		{C83C44FC-9160-4FAE-9C16-69069822E035}.Debug|Any CPU.Build.0 = Debug|Any CPU
		{C83C44FC-9160-4FAE-9C16-69069822E035}.Release|Any CPU.ActiveCfg = Release|Any CPU
		{BF7E371F-9982-4FA6-B937-F442CB2D7AAF}.Debug|Any CPU.ActiveCfg = Debug|Any CPU
		{BF7E371F-9982-4FA6-B937-F442CB2D7AAF}.Debug|Any CPU.Build.0 = Debug|Any CPU
		{BF7E371F-9982-4FA6-B937-F442CB2D7AAF}.Release|Any CPU.ActiveCfg = Release|Any CPU
		{BF7E371F-9982-4FA6-B937-F442CB2D7AAF}.Release|Any CPU.Build.0 = Release|Any CPU
	EndGlobalSection
	GlobalSection(SolutionProperties) = preSolution
		HideSolutionNode = FALSE
	EndGlobalSection
	GlobalSection(ExtensibilityGlobals) = postSolution
		SolutionGuid = {8885EE5C-8C4E-41C0-8BEC-57E765A89C7A}
	EndGlobalSection
EndGlobal
